
Microsoft Visual Studio Solution File, Format Version 12.00
# Visual Studio Version 17
VisualStudioVersion = 17.13.35806.99 d17.13
MinimumVisualStudioVersion = 10.0.40219.1
Project("{8BC9CEB8-8B4A-11D0-8D11-00A0C91BC942}") = "B3930 [GESP202312 五级] 烹饪问题", "B3930 [GESP202312 五级] 烹饪问题\B3930 [GESP202312 五级] 烹饪问题.vcxproj", "{6D54CE2A-046F-4988-98F9-1BC46E1EA14D}"
EndProject
Global
	GlobalSection(SolutionConfigurationPlatforms) = preSolution
		Debug|x64 = Debug|x64
		Debug|x86 = Debug|x86
		Release|x64 = Release|x64
		Release|x86 = Release|x86
	EndGlobalSection
	GlobalSection(ProjectConfigurationPlatforms) = postSolution
		{6D54CE2A-046F-4988-98F9-1BC46E1EA14D}.Debug|x64.ActiveCfg = Debug|x64
		{6D54CE2A-046F-4988-98F9-1BC46E1EA14D}.Debug|x64.Build.0 = Debug|x64
		{6D54CE2A-046F-4988-98F9-1BC46E1EA14D}.Debug|x86.ActiveCfg = Debug|Win32
		{6D54CE2A-046F-4988-98F9-1BC46E1EA14D}.Debug|x86.Build.0 = Debug|Win32
		{6D54CE2A-046F-4988-98F9-1BC46E1EA14D}.Release|x64.ActiveCfg = Release|x64
		{6D54CE2A-046F-4988-98F9-1BC46E1EA14D}.Release|x64.Build.0 = Release|x64
		{6D54CE2A-046F-4988-98F9-1BC46E1EA14D}.Release|x86.ActiveCfg = Release|Win32
		{6D54CE2A-046F-4988-98F9-1BC46E1EA14D}.Release|x86.Build.0 = Release|Win32
	EndGlobalSection
	GlobalSection(SolutionProperties) = preSolution
		HideSolutionNode = FALSE
	EndGlobalSection
	GlobalSection(ExtensibilityGlobals) = postSolution
		SolutionGuid = {E9C40BF9-B378-45F1-A877-1F01AB5AD197}
	EndGlobalSection
EndGlobal
